
Microsoft Visual Studio Solution File, Format Version 12.00
# Visual Studio Version 17
VisualStudioVersion = 17.11.35222.181
MinimumVisualStudioVersion = 10.0.40219.1
Project("{8BC9CEB8-8B4A-11D0-8D11-00A0C91BC942}") = "UDPThreadsProject", "UDPThreadsProject\UDPThreadsProject.vcxproj", "{6A93A0B4-6758-4FCC-8CA9-D80B003CDA9A}"
EndProject
Project("{8BC9CEB8-8B4A-11D0-8D11-00A0C91BC942}") = "UDPThreadsProjectServer", "UDPThreadsProjectServer\UDPThreadsProjectServer.vcxproj", "{0A89B4AF-EDF9-49E8-99CF-50D5B0BE7D87}"
EndProject
Project("{8BC9CEB8-8B4A-11D0-8D11-00A0C91BC942}") = "UDPThreadsProjectLib", "UDPThreadsProjectLib\UDPThreadsProjectLib.vcxproj", "{47D9E903-FF4C-46BE-AFF1-C588848D9C4F}"
EndProject
Global
	GlobalSection(SolutionConfigurationPlatforms) = preSolution
		Debug|x64 = Debug|x64
		Debug|x86 = Debug|x86
		Release|x64 = Release|x64
		Release|x86 = Release|x86
	EndGlobalSection
	GlobalSection(ProjectConfigurationPlatforms) = postSolution
		{6A93A0B4-6758-4FCC-8CA9-D80B003CDA9A}.Debug|x64.ActiveCfg = Debug|x64
		{6A93A0B4-6758-4FCC-8CA9-D80B003CDA9A}.Debug|x64.Build.0 = Debug|x64
		{6A93A0B4-6758-4FCC-8CA9-D80B003CDA9A}.Debug|x86.ActiveCfg = Debug|Win32
		{6A93A0B4-6758-4FCC-8CA9-D80B003CDA9A}.Debug|x86.Build.0 = Debug|Win32
		{6A93A0B4-6758-4FCC-8CA9-D80B003CDA9A}.Release|x64.ActiveCfg = Release|x64
		{6A93A0B4-6758-4FCC-8CA9-D80B003CDA9A}.Release|x64.Build.0 = Release|x64
		{6A93A0B4-6758-4FCC-8CA9-D80B003CDA9A}.Release|x86.ActiveCfg = Release|Win32
		{6A93A0B4-6758-4FCC-8CA9-D80B003CDA9A}.Release|x86.Build.0 = Release|Win32
		{0A89B4AF-EDF9-49E8-99CF-50D5B0BE7D87}.Debug|x64.ActiveCfg = Debug|x64
		{0A89B4AF-EDF9-49E8-99CF-50D5B0BE7D87}.Debug|x64.Build.0 = Debug|x64
		{0A89B4AF-EDF9-49E8-99CF-50D5B0BE7D87}.Debug|x86.ActiveCfg = Debug|Win32
		{0A89B4AF-EDF9-49E8-99CF-50D5B0BE7D87}.Debug|x86.Build.0 = Debug|Win32
		{0A89B4AF-EDF9-49E8-99CF-50D5B0BE7D87}.Release|x64.ActiveCfg = Release|x64
		{0A89B4AF-EDF9-49E8-99CF-50D5B0BE7D87}.Release|x64.Build.0 = Release|x64
		{0A89B4AF-EDF9-49E8-99CF-50D5B0BE7D87}.Release|x86.ActiveCfg = Release|Win32
		{0A89B4AF-EDF9-49E8-99CF-50D5B0BE7D87}.Release|x86.Build.0 = Release|Win32
		{47D9E903-FF4C-46BE-AFF1-C588848D9C4F}.Debug|x64.ActiveCfg = Debug|x64
		{47D9E903-FF4C-46BE-AFF1-C588848D9C4F}.Debug|x64.Build.0 = Debug|x64
		{47D9E903-FF4C-46BE-AFF1-C588848D9C4F}.Debug|x86.ActiveCfg = Debug|Win32
		{47D9E903-FF4C-46BE-AFF1-C588848D9C4F}.Debug|x86.Build.0 = Debug|Win32
		{47D9E903-FF4C-46BE-AFF1-C588848D9C4F}.Release|x64.ActiveCfg = Release|x64
		{47D9E903-FF4C-46BE-AFF1-C588848D9C4F}.Release|x64.Build.0 = Release|x64
		{47D9E903-FF4C-46BE-AFF1-C588848D9C4F}.Release|x86.ActiveCfg = Release|Win32
		{47D9E903-FF4C-46BE-AFF1-C588848D9C4F}.Release|x86.Build.0 = Release|Win32
	EndGlobalSection
	GlobalSection(SolutionProperties) = preSolution
		HideSolutionNode = FALSE
	EndGlobalSection
	GlobalSection(ExtensibilityGlobals) = postSolution
		SolutionGuid = {B89F1F83-2DE2-41C0-BD45-2507C555C9B5}
	EndGlobalSection
EndGlobal
